
Microsoft Visual Studio Solution File, Format Version 12.00
# Visual Studio Version 16
VisualStudioVersion = 16.0.28803.352
MinimumVisualStudioVersion = 10.0.40219.1
Project("{9A19103F-16F7-4668-BE54-9A1E7A4F7556}") = "StairInTheCube", "StairInTheCube\StairInTheCube.csproj", "{C7491012-8C3C-42AF-AD98-EFEB30B30AED}"
EndProject
Project("{FAE04EC0-301F-11D3-BF4B-00C04F79EFBC}") = "Guitar", "Guitar\Guitar.csproj", "{D005EAC5-57D1-43C2-A404-3A81CBA0C359}"
EndProject
Project("{FAE04EC0-301F-11D3-BF4B-00C04F79EFBC}") = "ShortestPath", "ShortestPath\ShortestPath.csproj", "{60152EB3-E008-4739-AB34-7EA1C8923ED9}"
EndProject
Project("{FAE04EC0-301F-11D3-BF4B-00C04F79EFBC}") = "ShortestPathLectureerWay", "ShortestPathLectureerWay\ShortestPathLectureerWay.csproj", "{C4F85459-1374-4CFB-8699-F2C29889DC56}"
EndProject
Global
	GlobalSection(SolutionConfigurationPlatforms) = preSolution
		Debug|Any CPU = Debug|Any CPU
		Release|Any CPU = Release|Any CPU
	EndGlobalSection
	GlobalSection(ProjectConfigurationPlatforms) = postSolution
		{C7491012-8C3C-42AF-AD98-EFEB30B30AED}.Debug|Any CPU.ActiveCfg = Debug|Any CPU
		{C7491012-8C3C-42AF-AD98-EFEB30B30AED}.Debug|Any CPU.Build.0 = Debug|Any CPU
		{C7491012-8C3C-42AF-AD98-EFEB30B30AED}.Release|Any CPU.ActiveCfg = Release|Any CPU
		{C7491012-8C3C-42AF-AD98-EFEB30B30AED}.Release|Any CPU.Build.0 = Release|Any CPU
		{D005EAC5-57D1-43C2-A404-3A81CBA0C359}.Debug|Any CPU.ActiveCfg = Debug|Any CPU
		{D005EAC5-57D1-43C2-A404-3A81CBA0C359}.Debug|Any CPU.Build.0 = Debug|Any CPU
		{D005EAC5-57D1-43C2-A404-3A81CBA0C359}.Release|Any CPU.ActiveCfg = Release|Any CPU
		{D005EAC5-57D1-43C2-A404-3A81CBA0C359}.Release|Any CPU.Build.0 = Release|Any CPU
		{60152EB3-E008-4739-AB34-7EA1C8923ED9}.Debug|Any CPU.ActiveCfg = Debug|Any CPU
		{60152EB3-E008-4739-AB34-7EA1C8923ED9}.Debug|Any CPU.Build.0 = Debug|Any CPU
		{60152EB3-E008-4739-AB34-7EA1C8923ED9}.Release|Any CPU.ActiveCfg = Release|Any CPU
		{60152EB3-E008-4739-AB34-7EA1C8923ED9}.Release|Any CPU.Build.0 = Release|Any CPU
		{C4F85459-1374-4CFB-8699-F2C29889DC56}.Debug|Any CPU.ActiveCfg = Debug|Any CPU
		{C4F85459-1374-4CFB-8699-F2C29889DC56}.Debug|Any CPU.Build.0 = Debug|Any CPU
		{C4F85459-1374-4CFB-8699-F2C29889DC56}.Release|Any CPU.ActiveCfg = Release|Any CPU
		{C4F85459-1374-4CFB-8699-F2C29889DC56}.Release|Any CPU.Build.0 = Release|Any CPU
	EndGlobalSection
	GlobalSection(SolutionProperties) = preSolution
		HideSolutionNode = FALSE
	EndGlobalSection
	GlobalSection(ExtensibilityGlobals) = postSolution
		SolutionGuid = {4DC95626-6B3B-48CD-A0AC-B9144CE02B1E}
	EndGlobalSection
EndGlobal
