
Microsoft Visual Studio Solution File, Format Version 12.00
# Visual Studio Version 16
VisualStudioVersion = 16.0.28803.352
MinimumVisualStudioVersion = 10.0.40219.1
Project("{FAE04EC0-301F-11D3-BF4B-00C04F79EFBC}") = "ZergZerg", "ZergZerg\ZergZerg.csproj", "{9C1679CB-293F-4060-9BA3-DFB9A6F87E4E}"
EndProject
Project("{FAE04EC0-301F-11D3-BF4B-00C04F79EFBC}") = "ZergAuthorSolution", "ZergAuthorSolution\ZergAuthorSolution.csproj", "{0DA8E03F-2561-4AF1-91E6-CE7F1CD7BAD7}"
EndProject
Project("{FAE04EC0-301F-11D3-BF4B-00C04F79EFBC}") = "Protos", "Protos\Protos.csproj", "{EE38532D-0724-46C4-8C4A-1B21961A9615}"
EndProject
Project("{FAE04EC0-301F-11D3-BF4B-00C04F79EFBC}") = "ProtosAuthorSolution", "ProtosAuthorSolution\ProtosAuthorSolution.csproj", "{4E69462B-A34C-4A11-94A7-E572D6E18929}"
EndProject
Project("{FAE04EC0-301F-11D3-BF4B-00C04F79EFBC}") = "TerranPermutationsWithoutRep", "TerranPermutationsWithoutRep\TerranPermutationsWithoutRep.csproj", "{7F4B030A-94C0-4D28-9C69-9BA5D810F98A}"
EndProject
Global
	GlobalSection(SolutionConfigurationPlatforms) = preSolution
		Debug|Any CPU = Debug|Any CPU
		Release|Any CPU = Release|Any CPU
	EndGlobalSection
	GlobalSection(ProjectConfigurationPlatforms) = postSolution
		{9C1679CB-293F-4060-9BA3-DFB9A6F87E4E}.Debug|Any CPU.ActiveCfg = Debug|Any CPU
		{9C1679CB-293F-4060-9BA3-DFB9A6F87E4E}.Debug|Any CPU.Build.0 = Debug|Any CPU
		{9C1679CB-293F-4060-9BA3-DFB9A6F87E4E}.Release|Any CPU.ActiveCfg = Release|Any CPU
		{9C1679CB-293F-4060-9BA3-DFB9A6F87E4E}.Release|Any CPU.Build.0 = Release|Any CPU
		{0DA8E03F-2561-4AF1-91E6-CE7F1CD7BAD7}.Debug|Any CPU.ActiveCfg = Debug|Any CPU
		{0DA8E03F-2561-4AF1-91E6-CE7F1CD7BAD7}.Debug|Any CPU.Build.0 = Debug|Any CPU
		{0DA8E03F-2561-4AF1-91E6-CE7F1CD7BAD7}.Release|Any CPU.ActiveCfg = Release|Any CPU
		{0DA8E03F-2561-4AF1-91E6-CE7F1CD7BAD7}.Release|Any CPU.Build.0 = Release|Any CPU
		{EE38532D-0724-46C4-8C4A-1B21961A9615}.Debug|Any CPU.ActiveCfg = Debug|Any CPU
		{EE38532D-0724-46C4-8C4A-1B21961A9615}.Debug|Any CPU.Build.0 = Debug|Any CPU
		{EE38532D-0724-46C4-8C4A-1B21961A9615}.Release|Any CPU.ActiveCfg = Release|Any CPU
		{EE38532D-0724-46C4-8C4A-1B21961A9615}.Release|Any CPU.Build.0 = Release|Any CPU
		{4E69462B-A34C-4A11-94A7-E572D6E18929}.Debug|Any CPU.ActiveCfg = Debug|Any CPU
		{4E69462B-A34C-4A11-94A7-E572D6E18929}.Debug|Any CPU.Build.0 = Debug|Any CPU
		{4E69462B-A34C-4A11-94A7-E572D6E18929}.Release|Any CPU.ActiveCfg = Release|Any CPU
		{4E69462B-A34C-4A11-94A7-E572D6E18929}.Release|Any CPU.Build.0 = Release|Any CPU
		{7F4B030A-94C0-4D28-9C69-9BA5D810F98A}.Debug|Any CPU.ActiveCfg = Debug|Any CPU
		{7F4B030A-94C0-4D28-9C69-9BA5D810F98A}.Debug|Any CPU.Build.0 = Debug|Any CPU
		{7F4B030A-94C0-4D28-9C69-9BA5D810F98A}.Release|Any CPU.ActiveCfg = Release|Any CPU
		{7F4B030A-94C0-4D28-9C69-9BA5D810F98A}.Release|Any CPU.Build.0 = Release|Any CPU
	EndGlobalSection
	GlobalSection(SolutionProperties) = preSolution
		HideSolutionNode = FALSE
	EndGlobalSection
	GlobalSection(ExtensibilityGlobals) = postSolution
		SolutionGuid = {6150F0B1-1851-4C6E-8A26-C0E24A8C7290}
	EndGlobalSection
EndGlobal
