
Microsoft Visual Studio Solution File, Format Version 12.00
# Visual Studio 15
VisualStudioVersion = 15.0.28307.329
MinimumVisualStudioVersion = 10.0.40219.1
Project("{9A19103F-16F7-4668-BE54-9A1E7A4F7556}") = "Snakes", "Snakes\Snakes.csproj", "{D86D0280-2911-442B-93FB-E3F9E233363A}"
EndProject
Project("{9A19103F-16F7-4668-BE54-9A1E7A4F7556}") = "FractionalKnapsackProblem", "FractionalKnapsackProblem\FractionalKnapsackProblem.csproj", "{855E2873-1240-44FF-B49A-2FFC8AC77BFA}"
EndProject
Project("{9A19103F-16F7-4668-BE54-9A1E7A4F7556}") = "EgyptianFractions", "EgyptianFractions\EgyptianFractions.csproj", "{8F334347-7FB3-438C-A8A0-1761C5B324AE}"
EndProject
Project("{9A19103F-16F7-4668-BE54-9A1E7A4F7556}") = "IterativePermutationsWithoutRep", "IterativePermutationsWithoutRep\IterativePermutationsWithoutRep.csproj", "{C5A7CA59-88A6-4948-ACC4-B8CD7AD3518F}"
EndProject
Project("{9A19103F-16F7-4668-BE54-9A1E7A4F7556}") = "IterativeCombinationsWithoutRep", "IterativeCombinationsWithoutRep\IterativeCombinationsWithoutRep.csproj", "{5CD10CFB-8DE9-4459-8626-E431829F7B66}"
EndProject
Project("{9A19103F-16F7-4668-BE54-9A1E7A4F7556}") = "ProcessorScheduling", "ProcessorScheduling\ProcessorScheduling.csproj", "{305A010B-6C65-4459-9113-21D2F948E835}"
EndProject
Project("{9A19103F-16F7-4668-BE54-9A1E7A4F7556}") = "KinghtsTour", "KinghtsTour\KinghtsTour.csproj", "{8CF09A91-BDDA-4AEF-A843-A9D25779DCCD}"
EndProject
Project("{9A19103F-16F7-4668-BE54-9A1E7A4F7556}") = "BestLecturersSchedule", "BestLecturersSchedule\BestLecturersSchedule.csproj", "{5B730274-4543-4F94-8349-4ABB16602163}"
EndProject
Project("{FAE04EC0-301F-11D3-BF4B-00C04F79EFBC}") = "IterativePermutationsWithRep", "IterativePermutationsWithRep\IterativePermutationsWithRep.csproj", "{978DD4CA-B819-42D6-AA34-6144EF53BBC4}"
EndProject
Project("{FAE04EC0-301F-11D3-BF4B-00C04F79EFBC}") = "Cubes", "Cubes\Cubes.csproj", "{A1266C00-950D-49D7-A2E8-03B21A1942C2}"
EndProject
Project("{FAE04EC0-301F-11D3-BF4B-00C04F79EFBC}") = "KnightsTourWarnsdorff", "KnightsTourWarnsdorff\KnightsTourWarnsdorff.csproj", "{13D6D394-A359-49FA-B126-39DE3C8C9A36}"
EndProject
Project("{FAE04EC0-301F-11D3-BF4B-00C04F79EFBC}") = "SandBox", "SandBox\SandBox.csproj", "{8C50C857-6DC6-4F1E-BA8F-577C23B53CB7}"
EndProject
Global
	GlobalSection(SolutionConfigurationPlatforms) = preSolution
		Debug|Any CPU = Debug|Any CPU
		Release|Any CPU = Release|Any CPU
	EndGlobalSection
	GlobalSection(ProjectConfigurationPlatforms) = postSolution
		{D86D0280-2911-442B-93FB-E3F9E233363A}.Debug|Any CPU.ActiveCfg = Debug|Any CPU
		{D86D0280-2911-442B-93FB-E3F9E233363A}.Debug|Any CPU.Build.0 = Debug|Any CPU
		{D86D0280-2911-442B-93FB-E3F9E233363A}.Release|Any CPU.ActiveCfg = Release|Any CPU
		{D86D0280-2911-442B-93FB-E3F9E233363A}.Release|Any CPU.Build.0 = Release|Any CPU
		{855E2873-1240-44FF-B49A-2FFC8AC77BFA}.Debug|Any CPU.ActiveCfg = Debug|Any CPU
		{855E2873-1240-44FF-B49A-2FFC8AC77BFA}.Debug|Any CPU.Build.0 = Debug|Any CPU
		{855E2873-1240-44FF-B49A-2FFC8AC77BFA}.Release|Any CPU.ActiveCfg = Release|Any CPU
		{855E2873-1240-44FF-B49A-2FFC8AC77BFA}.Release|Any CPU.Build.0 = Release|Any CPU
		{8F334347-7FB3-438C-A8A0-1761C5B324AE}.Debug|Any CPU.ActiveCfg = Debug|Any CPU
		{8F334347-7FB3-438C-A8A0-1761C5B324AE}.Debug|Any CPU.Build.0 = Debug|Any CPU
		{8F334347-7FB3-438C-A8A0-1761C5B324AE}.Release|Any CPU.ActiveCfg = Release|Any CPU
		{8F334347-7FB3-438C-A8A0-1761C5B324AE}.Release|Any CPU.Build.0 = Release|Any CPU
		{C5A7CA59-88A6-4948-ACC4-B8CD7AD3518F}.Debug|Any CPU.ActiveCfg = Debug|Any CPU
		{C5A7CA59-88A6-4948-ACC4-B8CD7AD3518F}.Debug|Any CPU.Build.0 = Debug|Any CPU
		{C5A7CA59-88A6-4948-ACC4-B8CD7AD3518F}.Release|Any CPU.ActiveCfg = Release|Any CPU
		{C5A7CA59-88A6-4948-ACC4-B8CD7AD3518F}.Release|Any CPU.Build.0 = Release|Any CPU
		{5CD10CFB-8DE9-4459-8626-E431829F7B66}.Debug|Any CPU.ActiveCfg = Debug|Any CPU
		{5CD10CFB-8DE9-4459-8626-E431829F7B66}.Debug|Any CPU.Build.0 = Debug|Any CPU
		{5CD10CFB-8DE9-4459-8626-E431829F7B66}.Release|Any CPU.ActiveCfg = Release|Any CPU
		{5CD10CFB-8DE9-4459-8626-E431829F7B66}.Release|Any CPU.Build.0 = Release|Any CPU
		{305A010B-6C65-4459-9113-21D2F948E835}.Debug|Any CPU.ActiveCfg = Debug|Any CPU
		{305A010B-6C65-4459-9113-21D2F948E835}.Debug|Any CPU.Build.0 = Debug|Any CPU
		{305A010B-6C65-4459-9113-21D2F948E835}.Release|Any CPU.ActiveCfg = Release|Any CPU
		{305A010B-6C65-4459-9113-21D2F948E835}.Release|Any CPU.Build.0 = Release|Any CPU
		{8CF09A91-BDDA-4AEF-A843-A9D25779DCCD}.Debug|Any CPU.ActiveCfg = Debug|Any CPU
		{8CF09A91-BDDA-4AEF-A843-A9D25779DCCD}.Debug|Any CPU.Build.0 = Debug|Any CPU
		{8CF09A91-BDDA-4AEF-A843-A9D25779DCCD}.Release|Any CPU.ActiveCfg = Release|Any CPU
		{8CF09A91-BDDA-4AEF-A843-A9D25779DCCD}.Release|Any CPU.Build.0 = Release|Any CPU
		{5B730274-4543-4F94-8349-4ABB16602163}.Debug|Any CPU.ActiveCfg = Debug|Any CPU
		{5B730274-4543-4F94-8349-4ABB16602163}.Debug|Any CPU.Build.0 = Debug|Any CPU
		{5B730274-4543-4F94-8349-4ABB16602163}.Release|Any CPU.ActiveCfg = Release|Any CPU
		{5B730274-4543-4F94-8349-4ABB16602163}.Release|Any CPU.Build.0 = Release|Any CPU
		{978DD4CA-B819-42D6-AA34-6144EF53BBC4}.Debug|Any CPU.ActiveCfg = Debug|Any CPU
		{978DD4CA-B819-42D6-AA34-6144EF53BBC4}.Debug|Any CPU.Build.0 = Debug|Any CPU
		{978DD4CA-B819-42D6-AA34-6144EF53BBC4}.Release|Any CPU.ActiveCfg = Release|Any CPU
		{978DD4CA-B819-42D6-AA34-6144EF53BBC4}.Release|Any CPU.Build.0 = Release|Any CPU
		{A1266C00-950D-49D7-A2E8-03B21A1942C2}.Debug|Any CPU.ActiveCfg = Debug|Any CPU
		{A1266C00-950D-49D7-A2E8-03B21A1942C2}.Debug|Any CPU.Build.0 = Debug|Any CPU
		{A1266C00-950D-49D7-A2E8-03B21A1942C2}.Release|Any CPU.ActiveCfg = Release|Any CPU
		{A1266C00-950D-49D7-A2E8-03B21A1942C2}.Release|Any CPU.Build.0 = Release|Any CPU
		{13D6D394-A359-49FA-B126-39DE3C8C9A36}.Debug|Any CPU.ActiveCfg = Debug|Any CPU
		{13D6D394-A359-49FA-B126-39DE3C8C9A36}.Debug|Any CPU.Build.0 = Debug|Any CPU
		{13D6D394-A359-49FA-B126-39DE3C8C9A36}.Release|Any CPU.ActiveCfg = Release|Any CPU
		{13D6D394-A359-49FA-B126-39DE3C8C9A36}.Release|Any CPU.Build.0 = Release|Any CPU
		{8C50C857-6DC6-4F1E-BA8F-577C23B53CB7}.Debug|Any CPU.ActiveCfg = Debug|Any CPU
		{8C50C857-6DC6-4F1E-BA8F-577C23B53CB7}.Debug|Any CPU.Build.0 = Debug|Any CPU
		{8C50C857-6DC6-4F1E-BA8F-577C23B53CB7}.Release|Any CPU.ActiveCfg = Release|Any CPU
		{8C50C857-6DC6-4F1E-BA8F-577C23B53CB7}.Release|Any CPU.Build.0 = Release|Any CPU
	EndGlobalSection
	GlobalSection(SolutionProperties) = preSolution
		HideSolutionNode = FALSE
	EndGlobalSection
	GlobalSection(ExtensibilityGlobals) = postSolution
		SolutionGuid = {8C49A3A4-4259-43BB-8468-82D8E9FC1969}
	EndGlobalSection
EndGlobal
