
Microsoft Visual Studio Solution File, Format Version 12.00
# Visual Studio Version 16
VisualStudioVersion = 16.0.28803.352
MinimumVisualStudioVersion = 10.0.40219.1
Project("{FAE04EC0-301F-11D3-BF4B-00C04F79EFBC}") = "ShootingRange", "ShootingRange\ShootingRange.csproj", "{47E4726D-8C40-4E6F-A3ED-097E48179539}"
EndProject
Project("{FAE04EC0-301F-11D3-BF4B-00C04F79EFBC}") = "ShootingRangeFastSolution", "ShootingRangeFastSolution\ShootingRangeFastSolution.csproj", "{3A1CF085-5B74-4BD7-8FDB-E69B0D297EE2}"
EndProject
Project("{FAE04EC0-301F-11D3-BF4B-00C04F79EFBC}") = "TravellingPoliceman", "TravellingPoliceman\TravellingPoliceman.csproj", "{7926C855-2AED-43E0-B233-66CC21271101}"
EndProject
Project("{FAE04EC0-301F-11D3-BF4B-00C04F79EFBC}") = "TravellingPolicemenNapsack", "TravellingPolicemenNapsack\TravellingPolicemenNapsack.csproj", "{D8A63397-4825-493F-8AE0-068E3C84E4F1}"
EndProject
Project("{FAE04EC0-301F-11D3-BF4B-00C04F79EFBC}") = "TourDeSofia", "TourDeSofia\TourDeSofia.csproj", "{C81FC754-DA6D-45B0-A068-AAA55064A2B1}"
EndProject
Project("{FAE04EC0-301F-11D3-BF4B-00C04F79EFBC}") = "ChainLighting", "ChainLighting\ChainLighting.csproj", "{E395561C-8A56-4E54-A2C6-ACEB742136AA}"
EndProject
Global
	GlobalSection(SolutionConfigurationPlatforms) = preSolution
		Debug|Any CPU = Debug|Any CPU
		Release|Any CPU = Release|Any CPU
	EndGlobalSection
	GlobalSection(ProjectConfigurationPlatforms) = postSolution
		{47E4726D-8C40-4E6F-A3ED-097E48179539}.Debug|Any CPU.ActiveCfg = Debug|Any CPU
		{47E4726D-8C40-4E6F-A3ED-097E48179539}.Debug|Any CPU.Build.0 = Debug|Any CPU
		{47E4726D-8C40-4E6F-A3ED-097E48179539}.Release|Any CPU.ActiveCfg = Release|Any CPU
		{47E4726D-8C40-4E6F-A3ED-097E48179539}.Release|Any CPU.Build.0 = Release|Any CPU
		{3A1CF085-5B74-4BD7-8FDB-E69B0D297EE2}.Debug|Any CPU.ActiveCfg = Debug|Any CPU
		{3A1CF085-5B74-4BD7-8FDB-E69B0D297EE2}.Debug|Any CPU.Build.0 = Debug|Any CPU
		{3A1CF085-5B74-4BD7-8FDB-E69B0D297EE2}.Release|Any CPU.ActiveCfg = Release|Any CPU
		{3A1CF085-5B74-4BD7-8FDB-E69B0D297EE2}.Release|Any CPU.Build.0 = Release|Any CPU
		{7926C855-2AED-43E0-B233-66CC21271101}.Debug|Any CPU.ActiveCfg = Debug|Any CPU
		{7926C855-2AED-43E0-B233-66CC21271101}.Debug|Any CPU.Build.0 = Debug|Any CPU
		{7926C855-2AED-43E0-B233-66CC21271101}.Release|Any CPU.ActiveCfg = Release|Any CPU
		{7926C855-2AED-43E0-B233-66CC21271101}.Release|Any CPU.Build.0 = Release|Any CPU
		{D8A63397-4825-493F-8AE0-068E3C84E4F1}.Debug|Any CPU.ActiveCfg = Debug|Any CPU
		{D8A63397-4825-493F-8AE0-068E3C84E4F1}.Debug|Any CPU.Build.0 = Debug|Any CPU
		{D8A63397-4825-493F-8AE0-068E3C84E4F1}.Release|Any CPU.ActiveCfg = Release|Any CPU
		{D8A63397-4825-493F-8AE0-068E3C84E4F1}.Release|Any CPU.Build.0 = Release|Any CPU
		{C81FC754-DA6D-45B0-A068-AAA55064A2B1}.Debug|Any CPU.ActiveCfg = Debug|Any CPU
		{C81FC754-DA6D-45B0-A068-AAA55064A2B1}.Debug|Any CPU.Build.0 = Debug|Any CPU
		{C81FC754-DA6D-45B0-A068-AAA55064A2B1}.Release|Any CPU.ActiveCfg = Release|Any CPU
		{C81FC754-DA6D-45B0-A068-AAA55064A2B1}.Release|Any CPU.Build.0 = Release|Any CPU
		{E395561C-8A56-4E54-A2C6-ACEB742136AA}.Debug|Any CPU.ActiveCfg = Debug|Any CPU
		{E395561C-8A56-4E54-A2C6-ACEB742136AA}.Debug|Any CPU.Build.0 = Debug|Any CPU
		{E395561C-8A56-4E54-A2C6-ACEB742136AA}.Release|Any CPU.ActiveCfg = Release|Any CPU
		{E395561C-8A56-4E54-A2C6-ACEB742136AA}.Release|Any CPU.Build.0 = Release|Any CPU
	EndGlobalSection
	GlobalSection(SolutionProperties) = preSolution
		HideSolutionNode = FALSE
	EndGlobalSection
	GlobalSection(ExtensibilityGlobals) = postSolution
		SolutionGuid = {729DA6B4-3F0F-4B1D-BAD9-076526E75615}
	EndGlobalSection
EndGlobal
