
Microsoft Visual Studio Solution File, Format Version 12.00
# Visual Studio 15
VisualStudioVersion = 15.0.28307.329
MinimumVisualStudioVersion = 10.0.40219.1
Project("{9A19103F-16F7-4668-BE54-9A1E7A4F7556}") = "Fibonacci", "Fibonacci\Fibonacci.csproj", "{B883F3D4-5F66-4525-9577-FA5048FFC449}"
EndProject
Project("{9A19103F-16F7-4668-BE54-9A1E7A4F7556}") = "MoveDownRight", "MoveDownRight\MoveDownRight.csproj", "{F2258595-2B88-4CF2-A834-1620F48AD6E8}"
EndProject
Project("{9A19103F-16F7-4668-BE54-9A1E7A4F7556}") = "LongestIncreasingSubsequence", "LongestIncreasingSubsequence\LongestIncreasingSubsequence.csproj", "{67D8A070-DB9F-4DAE-9223-3C682EE5ED28}"
EndProject
Project("{9A19103F-16F7-4668-BE54-9A1E7A4F7556}") = "RodCutting", "RodCutting\RodCutting.csproj", "{495F8F37-DC3D-4934-BB9E-2DFCC0912572}"
EndProject
Project("{FAE04EC0-301F-11D3-BF4B-00C04F79EFBC}") = "KnapsackProblem", "KnapsackProblem\KnapsackProblem.csproj", "{2B8B5CF5-39D0-4552-BB60-C9C4AA2C198F}"
EndProject
Global
	GlobalSection(SolutionConfigurationPlatforms) = preSolution
		Debug|Any CPU = Debug|Any CPU
		Release|Any CPU = Release|Any CPU
	EndGlobalSection
	GlobalSection(ProjectConfigurationPlatforms) = postSolution
		{B883F3D4-5F66-4525-9577-FA5048FFC449}.Debug|Any CPU.ActiveCfg = Debug|Any CPU
		{B883F3D4-5F66-4525-9577-FA5048FFC449}.Debug|Any CPU.Build.0 = Debug|Any CPU
		{B883F3D4-5F66-4525-9577-FA5048FFC449}.Release|Any CPU.ActiveCfg = Release|Any CPU
		{B883F3D4-5F66-4525-9577-FA5048FFC449}.Release|Any CPU.Build.0 = Release|Any CPU
		{F2258595-2B88-4CF2-A834-1620F48AD6E8}.Debug|Any CPU.ActiveCfg = Debug|Any CPU
		{F2258595-2B88-4CF2-A834-1620F48AD6E8}.Debug|Any CPU.Build.0 = Debug|Any CPU
		{F2258595-2B88-4CF2-A834-1620F48AD6E8}.Release|Any CPU.ActiveCfg = Release|Any CPU
		{F2258595-2B88-4CF2-A834-1620F48AD6E8}.Release|Any CPU.Build.0 = Release|Any CPU
		{67D8A070-DB9F-4DAE-9223-3C682EE5ED28}.Debug|Any CPU.ActiveCfg = Debug|Any CPU
		{67D8A070-DB9F-4DAE-9223-3C682EE5ED28}.Debug|Any CPU.Build.0 = Debug|Any CPU
		{67D8A070-DB9F-4DAE-9223-3C682EE5ED28}.Release|Any CPU.ActiveCfg = Release|Any CPU
		{67D8A070-DB9F-4DAE-9223-3C682EE5ED28}.Release|Any CPU.Build.0 = Release|Any CPU
		{495F8F37-DC3D-4934-BB9E-2DFCC0912572}.Debug|Any CPU.ActiveCfg = Debug|Any CPU
		{495F8F37-DC3D-4934-BB9E-2DFCC0912572}.Debug|Any CPU.Build.0 = Debug|Any CPU
		{495F8F37-DC3D-4934-BB9E-2DFCC0912572}.Release|Any CPU.ActiveCfg = Release|Any CPU
		{495F8F37-DC3D-4934-BB9E-2DFCC0912572}.Release|Any CPU.Build.0 = Release|Any CPU
		{2B8B5CF5-39D0-4552-BB60-C9C4AA2C198F}.Debug|Any CPU.ActiveCfg = Debug|Any CPU
		{2B8B5CF5-39D0-4552-BB60-C9C4AA2C198F}.Debug|Any CPU.Build.0 = Debug|Any CPU
		{2B8B5CF5-39D0-4552-BB60-C9C4AA2C198F}.Release|Any CPU.ActiveCfg = Release|Any CPU
		{2B8B5CF5-39D0-4552-BB60-C9C4AA2C198F}.Release|Any CPU.Build.0 = Release|Any CPU
	EndGlobalSection
	GlobalSection(SolutionProperties) = preSolution
		HideSolutionNode = FALSE
	EndGlobalSection
	GlobalSection(ExtensibilityGlobals) = postSolution
		SolutionGuid = {4CC04827-504F-4260-B099-ED4927918BA6}
	EndGlobalSection
EndGlobal
