
Microsoft Visual Studio Solution File, Format Version 12.00
# Visual Studio Version 16
VisualStudioVersion = 16.0.28803.352
MinimumVisualStudioVersion = 10.0.40219.1
Project("{FAE04EC0-301F-11D3-BF4B-00C04F79EFBC}") = "SequencesOfLimitedSum", "SequencesOfLimitedSum\SequencesOfLimitedSum.csproj", "{BB9BE6E4-5A34-4B3C-A7E5-7BA98DA2A9AF}"
EndProject
Project("{FAE04EC0-301F-11D3-BF4B-00C04F79EFBC}") = "Bridges", "Bridges\Bridges.csproj", "{95CF1B82-5FB6-4636-A3CD-72DF4DA449BB}"
EndProject
Project("{FAE04EC0-301F-11D3-BF4B-00C04F79EFBC}") = "BridgesWorkingSolution", "BridgesWorkingSolution\BridgesWorkingSolution.csproj", "{30FACBF2-CEF7-4E98-9871-B0EA300BF303}"
EndProject
Project("{FAE04EC0-301F-11D3-BF4B-00C04F79EFBC}") = "MessageSharing", "MessageSharing\MessageSharing.csproj", "{44863737-2B1D-424A-B962-0CC441F65642}"
EndProject
Global
	GlobalSection(SolutionConfigurationPlatforms) = preSolution
		Debug|Any CPU = Debug|Any CPU
		Release|Any CPU = Release|Any CPU
	EndGlobalSection
	GlobalSection(ProjectConfigurationPlatforms) = postSolution
		{BB9BE6E4-5A34-4B3C-A7E5-7BA98DA2A9AF}.Debug|Any CPU.ActiveCfg = Debug|Any CPU
		{BB9BE6E4-5A34-4B3C-A7E5-7BA98DA2A9AF}.Debug|Any CPU.Build.0 = Debug|Any CPU
		{BB9BE6E4-5A34-4B3C-A7E5-7BA98DA2A9AF}.Release|Any CPU.ActiveCfg = Release|Any CPU
		{BB9BE6E4-5A34-4B3C-A7E5-7BA98DA2A9AF}.Release|Any CPU.Build.0 = Release|Any CPU
		{95CF1B82-5FB6-4636-A3CD-72DF4DA449BB}.Debug|Any CPU.ActiveCfg = Debug|Any CPU
		{95CF1B82-5FB6-4636-A3CD-72DF4DA449BB}.Debug|Any CPU.Build.0 = Debug|Any CPU
		{95CF1B82-5FB6-4636-A3CD-72DF4DA449BB}.Release|Any CPU.ActiveCfg = Release|Any CPU
		{95CF1B82-5FB6-4636-A3CD-72DF4DA449BB}.Release|Any CPU.Build.0 = Release|Any CPU
		{30FACBF2-CEF7-4E98-9871-B0EA300BF303}.Debug|Any CPU.ActiveCfg = Debug|Any CPU
		{30FACBF2-CEF7-4E98-9871-B0EA300BF303}.Debug|Any CPU.Build.0 = Debug|Any CPU
		{30FACBF2-CEF7-4E98-9871-B0EA300BF303}.Release|Any CPU.ActiveCfg = Release|Any CPU
		{30FACBF2-CEF7-4E98-9871-B0EA300BF303}.Release|Any CPU.Build.0 = Release|Any CPU
		{44863737-2B1D-424A-B962-0CC441F65642}.Debug|Any CPU.ActiveCfg = Debug|Any CPU
		{44863737-2B1D-424A-B962-0CC441F65642}.Debug|Any CPU.Build.0 = Debug|Any CPU
		{44863737-2B1D-424A-B962-0CC441F65642}.Release|Any CPU.ActiveCfg = Release|Any CPU
		{44863737-2B1D-424A-B962-0CC441F65642}.Release|Any CPU.Build.0 = Release|Any CPU
	EndGlobalSection
	GlobalSection(SolutionProperties) = preSolution
		HideSolutionNode = FALSE
	EndGlobalSection
	GlobalSection(ExtensibilityGlobals) = postSolution
		SolutionGuid = {73D1C57B-8A6D-4CAC-9506-97278456579F}
	EndGlobalSection
EndGlobal
