
Microsoft Visual Studio Solution File, Format Version 12.00
# Visual Studio 15
VisualStudioVersion = 15.0.28307.329
MinimumVisualStudioVersion = 10.0.40219.1
Project("{FAE04EC0-301F-11D3-BF4B-00C04F79EFBC}") = "Sorting", "..\Sorting\Sorting.csproj", "{6C38436A-A811-4F37-A27A-215BFB375E9E}"
EndProject
Global
	GlobalSection(SolutionConfigurationPlatforms) = preSolution
		Debug|Any CPU = Debug|Any CPU
		Release|Any CPU = Release|Any CPU
	EndGlobalSection
	GlobalSection(ProjectConfigurationPlatforms) = postSolution
		{6C38436A-A811-4F37-A27A-215BFB375E9E}.Debug|Any CPU.ActiveCfg = Debug|Any CPU
		{6C38436A-A811-4F37-A27A-215BFB375E9E}.Debug|Any CPU.Build.0 = Debug|Any CPU
		{6C38436A-A811-4F37-A27A-215BFB375E9E}.Release|Any CPU.ActiveCfg = Release|Any CPU
		{6C38436A-A811-4F37-A27A-215BFB375E9E}.Release|Any CPU.Build.0 = Release|Any CPU
	EndGlobalSection
	GlobalSection(SolutionProperties) = preSolution
		HideSolutionNode = FALSE
	EndGlobalSection
	GlobalSection(ExtensibilityGlobals) = postSolution
		SolutionGuid = {17025A18-173E-47BE-96EC-DAE724F94AE2}
	EndGlobalSection
EndGlobal
