
Microsoft Visual Studio Solution File, Format Version 12.00
# Visual Studio Version 16
VisualStudioVersion = 16.0.28803.352
MinimumVisualStudioVersion = 10.0.40219.1
Project("{FAE04EC0-301F-11D3-BF4B-00C04F79EFBC}") = "Elections", "Elections\Elections.csproj", "{860B3F94-82AC-4EFA-8613-E621DA2DD8A1}"
EndProject
Project("{FAE04EC0-301F-11D3-BF4B-00C04F79EFBC}") = "ElectionsFasterSolution", "ElectionsFasterSolution\ElectionsFasterSolution.csproj", "{87274C30-2092-40E7-922E-B6568B3BD045}"
EndProject
Project("{FAE04EC0-301F-11D3-BF4B-00C04F79EFBC}") = "SumTo13", "SumTo13\SumTo13.csproj", "{06294636-62D3-4042-A672-D7A73CE3DA5F}"
EndProject
Project("{FAE04EC0-301F-11D3-BF4B-00C04F79EFBC}") = "Lumber", "Lumber\Lumber.csproj", "{3EC802B0-9253-40DA-B992-9F145F74DBBC}"
EndProject
Project("{FAE04EC0-301F-11D3-BF4B-00C04F79EFBC}") = "LumberFastAndWorking", "LumberFastAndWorking\LumberFastAndWorking.csproj", "{A64517CB-D869-40A6-8C90-7307AC02951C}"
EndProject
Project("{FAE04EC0-301F-11D3-BF4B-00C04F79EFBC}") = "ParkingZones", "ParkingZones\ParkingZones.csproj", "{626B67FF-F31A-4903-A54E-A359A3EA87AC}"
EndProject
Project("{FAE04EC0-301F-11D3-BF4B-00C04F79EFBC}") = "ParkingZones100Points", "ParkingZones100Points\ParkingZones100Points.csproj", "{57322BDE-9FAD-4196-822C-933EDDBF3B8F}"
EndProject
Project("{FAE04EC0-301F-11D3-BF4B-00C04F79EFBC}") = "Parenthesis", "Parenthesis\Parenthesis.csproj", "{6D27AD2D-D15E-4329-8B49-110C214ECBCB}"
EndProject
Project("{FAE04EC0-301F-11D3-BF4B-00C04F79EFBC}") = "ParenthesisVariationSolution", "ParenthesisVariationSolution\ParenthesisVariationSolution.csproj", "{D6F7EB71-5EBF-4C43-926B-26AD4E86D512}"
EndProject
Project("{FAE04EC0-301F-11D3-BF4B-00C04F79EFBC}") = "Towns", "Towns\Towns.csproj", "{7AE2989F-8E1D-4E64-8FD2-FDF495A07710}"
EndProject
Global
	GlobalSection(SolutionConfigurationPlatforms) = preSolution
		Debug|Any CPU = Debug|Any CPU
		Release|Any CPU = Release|Any CPU
	EndGlobalSection
	GlobalSection(ProjectConfigurationPlatforms) = postSolution
		{860B3F94-82AC-4EFA-8613-E621DA2DD8A1}.Debug|Any CPU.ActiveCfg = Debug|Any CPU
		{860B3F94-82AC-4EFA-8613-E621DA2DD8A1}.Debug|Any CPU.Build.0 = Debug|Any CPU
		{860B3F94-82AC-4EFA-8613-E621DA2DD8A1}.Release|Any CPU.ActiveCfg = Release|Any CPU
		{860B3F94-82AC-4EFA-8613-E621DA2DD8A1}.Release|Any CPU.Build.0 = Release|Any CPU
		{87274C30-2092-40E7-922E-B6568B3BD045}.Debug|Any CPU.ActiveCfg = Debug|Any CPU
		{87274C30-2092-40E7-922E-B6568B3BD045}.Debug|Any CPU.Build.0 = Debug|Any CPU
		{87274C30-2092-40E7-922E-B6568B3BD045}.Release|Any CPU.ActiveCfg = Release|Any CPU
		{87274C30-2092-40E7-922E-B6568B3BD045}.Release|Any CPU.Build.0 = Release|Any CPU
		{06294636-62D3-4042-A672-D7A73CE3DA5F}.Debug|Any CPU.ActiveCfg = Debug|Any CPU
		{06294636-62D3-4042-A672-D7A73CE3DA5F}.Debug|Any CPU.Build.0 = Debug|Any CPU
		{06294636-62D3-4042-A672-D7A73CE3DA5F}.Release|Any CPU.ActiveCfg = Release|Any CPU
		{06294636-62D3-4042-A672-D7A73CE3DA5F}.Release|Any CPU.Build.0 = Release|Any CPU
		{3EC802B0-9253-40DA-B992-9F145F74DBBC}.Debug|Any CPU.ActiveCfg = Debug|Any CPU
		{3EC802B0-9253-40DA-B992-9F145F74DBBC}.Debug|Any CPU.Build.0 = Debug|Any CPU
		{3EC802B0-9253-40DA-B992-9F145F74DBBC}.Release|Any CPU.ActiveCfg = Release|Any CPU
		{3EC802B0-9253-40DA-B992-9F145F74DBBC}.Release|Any CPU.Build.0 = Release|Any CPU
		{A64517CB-D869-40A6-8C90-7307AC02951C}.Debug|Any CPU.ActiveCfg = Debug|Any CPU
		{A64517CB-D869-40A6-8C90-7307AC02951C}.Debug|Any CPU.Build.0 = Debug|Any CPU
		{A64517CB-D869-40A6-8C90-7307AC02951C}.Release|Any CPU.ActiveCfg = Release|Any CPU
		{A64517CB-D869-40A6-8C90-7307AC02951C}.Release|Any CPU.Build.0 = Release|Any CPU
		{626B67FF-F31A-4903-A54E-A359A3EA87AC}.Debug|Any CPU.ActiveCfg = Debug|Any CPU
		{626B67FF-F31A-4903-A54E-A359A3EA87AC}.Debug|Any CPU.Build.0 = Debug|Any CPU
		{626B67FF-F31A-4903-A54E-A359A3EA87AC}.Release|Any CPU.ActiveCfg = Release|Any CPU
		{626B67FF-F31A-4903-A54E-A359A3EA87AC}.Release|Any CPU.Build.0 = Release|Any CPU
		{57322BDE-9FAD-4196-822C-933EDDBF3B8F}.Debug|Any CPU.ActiveCfg = Debug|Any CPU
		{57322BDE-9FAD-4196-822C-933EDDBF3B8F}.Debug|Any CPU.Build.0 = Debug|Any CPU
		{57322BDE-9FAD-4196-822C-933EDDBF3B8F}.Release|Any CPU.ActiveCfg = Release|Any CPU
		{57322BDE-9FAD-4196-822C-933EDDBF3B8F}.Release|Any CPU.Build.0 = Release|Any CPU
		{6D27AD2D-D15E-4329-8B49-110C214ECBCB}.Debug|Any CPU.ActiveCfg = Debug|Any CPU
		{6D27AD2D-D15E-4329-8B49-110C214ECBCB}.Debug|Any CPU.Build.0 = Debug|Any CPU
		{6D27AD2D-D15E-4329-8B49-110C214ECBCB}.Release|Any CPU.ActiveCfg = Release|Any CPU
		{6D27AD2D-D15E-4329-8B49-110C214ECBCB}.Release|Any CPU.Build.0 = Release|Any CPU
		{D6F7EB71-5EBF-4C43-926B-26AD4E86D512}.Debug|Any CPU.ActiveCfg = Debug|Any CPU
		{D6F7EB71-5EBF-4C43-926B-26AD4E86D512}.Debug|Any CPU.Build.0 = Debug|Any CPU
		{D6F7EB71-5EBF-4C43-926B-26AD4E86D512}.Release|Any CPU.ActiveCfg = Release|Any CPU
		{D6F7EB71-5EBF-4C43-926B-26AD4E86D512}.Release|Any CPU.Build.0 = Release|Any CPU
		{7AE2989F-8E1D-4E64-8FD2-FDF495A07710}.Debug|Any CPU.ActiveCfg = Debug|Any CPU
		{7AE2989F-8E1D-4E64-8FD2-FDF495A07710}.Debug|Any CPU.Build.0 = Debug|Any CPU
		{7AE2989F-8E1D-4E64-8FD2-FDF495A07710}.Release|Any CPU.ActiveCfg = Release|Any CPU
		{7AE2989F-8E1D-4E64-8FD2-FDF495A07710}.Release|Any CPU.Build.0 = Release|Any CPU
	EndGlobalSection
	GlobalSection(SolutionProperties) = preSolution
		HideSolutionNode = FALSE
	EndGlobalSection
	GlobalSection(ExtensibilityGlobals) = postSolution
		SolutionGuid = {EE774018-0B07-427A-8874-7E98AF464D7C}
	EndGlobalSection
EndGlobal
